
Microsoft Visual Studio Solution File, Format Version 12.00
# Visual Studio Version 17
VisualStudioVersion = 17.5.002.0
MinimumVisualStudioVersion = 10.0.40219.1
Project("{9A19103F-16F7-4668-BE54-9A1E7A4F7556}") = "X.Captcha", "X.Captcha\X.Captcha.csproj", "{5CC5CB13-17A7-4C92-BCBE-8885CBB1107B}"
EndProject
Project("{9A19103F-16F7-4668-BE54-9A1E7A4F7556}") = "X.EntityFrameworkCore.DataEncryption", "X.EntityFrameworkCore.DataEncryption\X.EntityFrameworkCore.DataEncryption.csproj", "{1DAB62C9-ED31-400B-B249-548B56A1854D}"
EndProject
Project("{9A19103F-16F7-4668-BE54-9A1E7A4F7556}") = "X.Swashbuckle", "X.Swashbuckle\X.Swashbuckle.csproj", "{41F07E12-C411-491C-9854-C65407CAAEA3}"
EndProject
Global
	GlobalSection(SolutionConfigurationPlatforms) = preSolution
		Debug|Any CPU = Debug|Any CPU
		Release|Any CPU = Release|Any CPU
	EndGlobalSection
	GlobalSection(ProjectConfigurationPlatforms) = postSolution
		{5CC5CB13-17A7-4C92-BCBE-8885CBB1107B}.Debug|Any CPU.ActiveCfg = Debug|Any CPU
		{5CC5CB13-17A7-4C92-BCBE-8885CBB1107B}.Debug|Any CPU.Build.0 = Debug|Any CPU
		{5CC5CB13-17A7-4C92-BCBE-8885CBB1107B}.Release|Any CPU.ActiveCfg = Release|Any CPU
		{5CC5CB13-17A7-4C92-BCBE-8885CBB1107B}.Release|Any CPU.Build.0 = Release|Any CPU
		{1DAB62C9-ED31-400B-B249-548B56A1854D}.Debug|Any CPU.ActiveCfg = Debug|Any CPU
		{1DAB62C9-ED31-400B-B249-548B56A1854D}.Debug|Any CPU.Build.0 = Debug|Any CPU
		{1DAB62C9-ED31-400B-B249-548B56A1854D}.Release|Any CPU.ActiveCfg = Release|Any CPU
		{1DAB62C9-ED31-400B-B249-548B56A1854D}.Release|Any CPU.Build.0 = Release|Any CPU
		{41F07E12-C411-491C-9854-C65407CAAEA3}.Debug|Any CPU.ActiveCfg = Debug|Any CPU
		{41F07E12-C411-491C-9854-C65407CAAEA3}.Debug|Any CPU.Build.0 = Debug|Any CPU
		{41F07E12-C411-491C-9854-C65407CAAEA3}.Release|Any CPU.ActiveCfg = Release|Any CPU
		{41F07E12-C411-491C-9854-C65407CAAEA3}.Release|Any CPU.Build.0 = Release|Any CPU
	EndGlobalSection
	GlobalSection(SolutionProperties) = preSolution
		HideSolutionNode = FALSE
	EndGlobalSection
	GlobalSection(ExtensibilityGlobals) = postSolution
		SolutionGuid = {6B19D113-D0ED-4AEA-9718-34916D8B3DE2}
	EndGlobalSection
EndGlobal
